
Microsoft Visual Studio Solution File, Format Version 12.00
# Visual Studio Version 16
VisualStudioVersion = 16.0.31205.134
MinimumVisualStudioVersion = 10.0.40219.1
Project("{FAE04EC0-301F-11D3-BF4B-00C04F79EFBC}") = "MyLocationNumerals", "MyLocationNumerals.csproj", "{E987049D-A8DD-4DC3-BDAC-833DDD4FEA38}"
EndProject
Project("{FAE04EC0-301F-11D3-BF4B-00C04F79EFBC}") = "WebApplication1", "..\WebApplication1\WebApplication1.csproj", "{CFB3136C-06F5-4AD7-A78E-28531F257448}"
EndProject
Global
	GlobalSection(SolutionConfigurationPlatforms) = preSolution
		Debug|Any CPU = Debug|Any CPU
		Release|Any CPU = Release|Any CPU
	EndGlobalSection
	GlobalSection(ProjectConfigurationPlatforms) = postSolution
		{E987049D-A8DD-4DC3-BDAC-833DDD4FEA38}.Debug|Any CPU.ActiveCfg = Debug|Any CPU
		{E987049D-A8DD-4DC3-BDAC-833DDD4FEA38}.Debug|Any CPU.Build.0 = Debug|Any CPU
		{E987049D-A8DD-4DC3-BDAC-833DDD4FEA38}.Release|Any CPU.ActiveCfg = Release|Any CPU
		{E987049D-A8DD-4DC3-BDAC-833DDD4FEA38}.Release|Any CPU.Build.0 = Release|Any CPU
		{CFB3136C-06F5-4AD7-A78E-28531F257448}.Debug|Any CPU.ActiveCfg = Debug|Any CPU
		{CFB3136C-06F5-4AD7-A78E-28531F257448}.Debug|Any CPU.Build.0 = Debug|Any CPU
		{CFB3136C-06F5-4AD7-A78E-28531F257448}.Release|Any CPU.ActiveCfg = Release|Any CPU
		{CFB3136C-06F5-4AD7-A78E-28531F257448}.Release|Any CPU.Build.0 = Release|Any CPU
	EndGlobalSection
	GlobalSection(SolutionProperties) = preSolution
		HideSolutionNode = FALSE
	EndGlobalSection
	GlobalSection(ExtensibilityGlobals) = postSolution
		SolutionGuid = {EAFCC998-EA03-435C-AFFD-DD5160FC2228}
	EndGlobalSection
EndGlobal
